{
  "name": "devops-ops-bot",
  "version": "1.0.0",
  "lockfileVersion": 3,
  "requires": true,
  "packages": {
    "": {
      "name": "devops-ops-bot",
      "version": "1.0.0",
      "license": "ISC",
      "dependencies": {
        "commander": "^14.0.3",
        "systeminformation": "^5.31.1"
      }
    },
    "node_modules/commander": {
      "version": "14.0.3",
      "resolved": "https://registry.npmjs.org/commander/-/commander-14.0.3.tgz",
      "integrity": "sha512-H+y0Jo/T1RZ9qPP4Eh1pkcQcLRglraJaSLoyOtHxu6AapkjWVCy2Sit1QQ4x3Dng8qDlSsZEet7g5Pq06MvTgw==",
      "license": "MIT",
      "engines": {
        "node": ">=20"
      }
    },
    "node_modules/systeminformation": {
      "version": "5.31.1",
      "resolved": "https://registry.npmjs.org/systeminformation/-/systeminformation-5.31.1.tgz",
      "integrity": "sha512-6pRwxoGeV/roJYpsfcP6tN9mep6pPeCtXbUOCdVa0nme05Brwcwdge/fVNhIZn2wuUitAKZm4IYa7QjnRIa9zA==",
      "license": "MIT",
      "os": [
        "darwin",
        "linux",
        "win32",
        "freebsd",
        "openbsd",
        "netbsd",
        "sunos",
        "android"
      ],
      "bin": {
        "systeminformation": "lib/cli.js"
      },
      "engines": {
        "node": ">=8.0.0"
      },
      "funding": {
        "type": "Buy me a coffee",
        "url": "https://www.buymeacoffee.com/systeminfo"
      }
    }
  }
}
